
Microsoft Visual Studio Solution File, Format Version 12.00
# Visual Studio Version 17
VisualStudioVersion = 17.5.33424.131
MinimumVisualStudioVersion = 10.0.40219.1
Project("{9A19103F-16F7-4668-BE54-9A1E7A4F7556}") = "Events.It.Academy.Ge.Api", "Events.It.Academy.Ge.Api\Events.It.Academy.Ge.Api.csproj", "{FE556E5B-64E0-471F-9455-BCFA6FFC458E}"
EndProject
Project("{2150E333-8FDC-42A3-9474-1A3956D46DE8}") = "src", "src", "{4E2CABC9-9CF0-4569-A315-3D5A7549EA9B}"
EndProject
Project("{2150E333-8FDC-42A3-9474-1A3956D46DE8}") = "Presentation", "Presentation", "{71572A55-F46E-4D69-9786-4093CBF0DF08}"
EndProject
Project("{2150E333-8FDC-42A3-9474-1A3956D46DE8}") = "Core", "Core", "{9C9600E4-EC0D-4E30-A376-9513185EA9A3}"
EndProject
Project("{2150E333-8FDC-42A3-9474-1A3956D46DE8}") = "Infrastructure", "Infrastructure", "{CBBD982C-1425-481A-BF56-27A4959DAB4C}"
EndProject
Project("{9A19103F-16F7-4668-BE54-9A1E7A4F7556}") = "Events.ItAcademy.Ge.Mvc", "Events.ItAcademy.Ge.Mvc\Events.ItAcademy.Ge.Mvc.csproj", "{4BEBA6AF-B089-4627-AAB3-663859DDED70}"
EndProject
Project("{9A19103F-16F7-4668-BE54-9A1E7A4F7556}") = "Persistance", "Persistance\Persistance.csproj", "{18D6894C-8917-49DC-A2CD-9BED283804A8}"
EndProject
Project("{9A19103F-16F7-4668-BE54-9A1E7A4F7556}") = "Domain", "Domain\Domain.csproj", "{AD8A6A7C-29ED-4612-927A-F72597EFFC06}"
EndProject
Project("{9A19103F-16F7-4668-BE54-9A1E7A4F7556}") = "Infrastructure", "Infrastructure\Infrastructure.csproj", "{D771FC52-659E-428A-9E11-B5E24EF1F8F4}"
EndProject
Project("{9A19103F-16F7-4668-BE54-9A1E7A4F7556}") = "Application", "Application\Application.csproj", "{F6F2E176-E1DA-49D3-8562-8C1818FC6CC4}"
EndProject
Project("{2150E333-8FDC-42A3-9474-1A3956D46DE8}") = "BackgroundWorkers", "BackgroundWorkers", "{4185825B-8074-48CC-9337-B5E6DE6E75B9}"
EndProject
Project("{9A19103F-16F7-4668-BE54-9A1E7A4F7556}") = "BookingBackgroundApp", "BookingBackgroundApp\BookingBackgroundApp.csproj", "{82E4EF67-BE19-4BF6-8ADD-66D3167A20A1}"
EndProject
Project("{9A19103F-16F7-4668-BE54-9A1E7A4F7556}") = "EventArchivingBackgroundApp", "EventArchivingBackgroundApp\EventArchivingBackgroundApp.csproj", "{74FAE27B-8BC5-4343-8708-AA7EC3C6316C}"
EndProject
Project("{9A19103F-16F7-4668-BE54-9A1E7A4F7556}") = "Events.ItAcademy.Tests", "Events.ItAcademy.Tests\Events.ItAcademy.Tests.csproj", "{4A086771-31AD-4277-A3E3-D373F6CBA64D}"
EndProject
Project("{FAE04EC0-301F-11D3-BF4B-00C04F79EFBC}") = "HealthChecks", "HealthChecks\HealthChecks.csproj", "{4F517272-FA7E-49AD-825F-CD5F204C5471}"
EndProject
Project("{2150E333-8FDC-42A3-9474-1A3956D46DE8}") = "Solution Items", "Solution Items", "{05027D70-D334-4F64-9D76-E13EDC5A0F4A}"
	ProjectSection(SolutionItems) = preProject
		..\..\..\..\..\Downloads\.editorconfig = ..\..\..\..\..\Downloads\.editorconfig
	EndProjectSection
EndProject
Global
	GlobalSection(SolutionConfigurationPlatforms) = preSolution
		Debug|Any CPU = Debug|Any CPU
		Release|Any CPU = Release|Any CPU
	EndGlobalSection
	GlobalSection(ProjectConfigurationPlatforms) = postSolution
		{FE556E5B-64E0-471F-9455-BCFA6FFC458E}.Debug|Any CPU.ActiveCfg = Debug|Any CPU
		{FE556E5B-64E0-471F-9455-BCFA6FFC458E}.Debug|Any CPU.Build.0 = Debug|Any CPU
		{FE556E5B-64E0-471F-9455-BCFA6FFC458E}.Release|Any CPU.ActiveCfg = Release|Any CPU
		{FE556E5B-64E0-471F-9455-BCFA6FFC458E}.Release|Any CPU.Build.0 = Release|Any CPU
		{4BEBA6AF-B089-4627-AAB3-663859DDED70}.Debug|Any CPU.ActiveCfg = Debug|Any CPU
		{4BEBA6AF-B089-4627-AAB3-663859DDED70}.Debug|Any CPU.Build.0 = Debug|Any CPU
		{4BEBA6AF-B089-4627-AAB3-663859DDED70}.Release|Any CPU.ActiveCfg = Release|Any CPU
		{4BEBA6AF-B089-4627-AAB3-663859DDED70}.Release|Any CPU.Build.0 = Release|Any CPU
		{18D6894C-8917-49DC-A2CD-9BED283804A8}.Debug|Any CPU.ActiveCfg = Debug|Any CPU
		{18D6894C-8917-49DC-A2CD-9BED283804A8}.Debug|Any CPU.Build.0 = Debug|Any CPU
		{18D6894C-8917-49DC-A2CD-9BED283804A8}.Release|Any CPU.ActiveCfg = Release|Any CPU
		{18D6894C-8917-49DC-A2CD-9BED283804A8}.Release|Any CPU.Build.0 = Release|Any CPU
		{AD8A6A7C-29ED-4612-927A-F72597EFFC06}.Debug|Any CPU.ActiveCfg = Debug|Any CPU
		{AD8A6A7C-29ED-4612-927A-F72597EFFC06}.Debug|Any CPU.Build.0 = Debug|Any CPU
		{AD8A6A7C-29ED-4612-927A-F72597EFFC06}.Release|Any CPU.ActiveCfg = Release|Any CPU
		{AD8A6A7C-29ED-4612-927A-F72597EFFC06}.Release|Any CPU.Build.0 = Release|Any CPU
		{D771FC52-659E-428A-9E11-B5E24EF1F8F4}.Debug|Any CPU.ActiveCfg = Debug|Any CPU
		{D771FC52-659E-428A-9E11-B5E24EF1F8F4}.Debug|Any CPU.Build.0 = Debug|Any CPU
		{D771FC52-659E-428A-9E11-B5E24EF1F8F4}.Release|Any CPU.ActiveCfg = Release|Any CPU
		{D771FC52-659E-428A-9E11-B5E24EF1F8F4}.Release|Any CPU.Build.0 = Release|Any CPU
		{F6F2E176-E1DA-49D3-8562-8C1818FC6CC4}.Debug|Any CPU.ActiveCfg = Debug|Any CPU
		{F6F2E176-E1DA-49D3-8562-8C1818FC6CC4}.Debug|Any CPU.Build.0 = Debug|Any CPU
		{F6F2E176-E1DA-49D3-8562-8C1818FC6CC4}.Release|Any CPU.ActiveCfg = Release|Any CPU
		{F6F2E176-E1DA-49D3-8562-8C1818FC6CC4}.Release|Any CPU.Build.0 = Release|Any CPU
		{82E4EF67-BE19-4BF6-8ADD-66D3167A20A1}.Debug|Any CPU.ActiveCfg = Debug|Any CPU
		{82E4EF67-BE19-4BF6-8ADD-66D3167A20A1}.Debug|Any CPU.Build.0 = Debug|Any CPU
		{82E4EF67-BE19-4BF6-8ADD-66D3167A20A1}.Release|Any CPU.ActiveCfg = Release|Any CPU
		{82E4EF67-BE19-4BF6-8ADD-66D3167A20A1}.Release|Any CPU.Build.0 = Release|Any CPU
		{74FAE27B-8BC5-4343-8708-AA7EC3C6316C}.Debug|Any CPU.ActiveCfg = Debug|Any CPU
		{74FAE27B-8BC5-4343-8708-AA7EC3C6316C}.Debug|Any CPU.Build.0 = Debug|Any CPU
		{74FAE27B-8BC5-4343-8708-AA7EC3C6316C}.Release|Any CPU.ActiveCfg = Release|Any CPU
		{74FAE27B-8BC5-4343-8708-AA7EC3C6316C}.Release|Any CPU.Build.0 = Release|Any CPU
		{4A086771-31AD-4277-A3E3-D373F6CBA64D}.Debug|Any CPU.ActiveCfg = Debug|Any CPU
		{4A086771-31AD-4277-A3E3-D373F6CBA64D}.Debug|Any CPU.Build.0 = Debug|Any CPU
		{4A086771-31AD-4277-A3E3-D373F6CBA64D}.Release|Any CPU.ActiveCfg = Release|Any CPU
		{4A086771-31AD-4277-A3E3-D373F6CBA64D}.Release|Any CPU.Build.0 = Release|Any CPU
		{4F517272-FA7E-49AD-825F-CD5F204C5471}.Debug|Any CPU.ActiveCfg = Debug|Any CPU
		{4F517272-FA7E-49AD-825F-CD5F204C5471}.Debug|Any CPU.Build.0 = Debug|Any CPU
		{4F517272-FA7E-49AD-825F-CD5F204C5471}.Release|Any CPU.ActiveCfg = Release|Any CPU
		{4F517272-FA7E-49AD-825F-CD5F204C5471}.Release|Any CPU.Build.0 = Release|Any CPU
	EndGlobalSection
	GlobalSection(SolutionProperties) = preSolution
		HideSolutionNode = FALSE
	EndGlobalSection
	GlobalSection(NestedProjects) = preSolution
		{FE556E5B-64E0-471F-9455-BCFA6FFC458E} = {71572A55-F46E-4D69-9786-4093CBF0DF08}
		{71572A55-F46E-4D69-9786-4093CBF0DF08} = {4E2CABC9-9CF0-4569-A315-3D5A7549EA9B}
		{9C9600E4-EC0D-4E30-A376-9513185EA9A3} = {4E2CABC9-9CF0-4569-A315-3D5A7549EA9B}
		{CBBD982C-1425-481A-BF56-27A4959DAB4C} = {4E2CABC9-9CF0-4569-A315-3D5A7549EA9B}
		{4BEBA6AF-B089-4627-AAB3-663859DDED70} = {71572A55-F46E-4D69-9786-4093CBF0DF08}
		{18D6894C-8917-49DC-A2CD-9BED283804A8} = {CBBD982C-1425-481A-BF56-27A4959DAB4C}
		{AD8A6A7C-29ED-4612-927A-F72597EFFC06} = {9C9600E4-EC0D-4E30-A376-9513185EA9A3}
		{D771FC52-659E-428A-9E11-B5E24EF1F8F4} = {CBBD982C-1425-481A-BF56-27A4959DAB4C}
		{F6F2E176-E1DA-49D3-8562-8C1818FC6CC4} = {9C9600E4-EC0D-4E30-A376-9513185EA9A3}
		{4185825B-8074-48CC-9337-B5E6DE6E75B9} = {4E2CABC9-9CF0-4569-A315-3D5A7549EA9B}
		{82E4EF67-BE19-4BF6-8ADD-66D3167A20A1} = {4185825B-8074-48CC-9337-B5E6DE6E75B9}
		{74FAE27B-8BC5-4343-8708-AA7EC3C6316C} = {4185825B-8074-48CC-9337-B5E6DE6E75B9}
		{4A086771-31AD-4277-A3E3-D373F6CBA64D} = {4E2CABC9-9CF0-4569-A315-3D5A7549EA9B}
		{4F517272-FA7E-49AD-825F-CD5F204C5471} = {71572A55-F46E-4D69-9786-4093CBF0DF08}
	EndGlobalSection
	GlobalSection(ExtensibilityGlobals) = postSolution
		SolutionGuid = {E30F45B6-D63D-4FAE-B0E3-26E3D7B0F58D}
	EndGlobalSection
EndGlobal
